
Microsoft Visual Studio Solution File, Format Version 12.00
# Visual Studio Version 17
VisualStudioVersion = 17.3.32922.545
MinimumVisualStudioVersion = 10.0.40219.1
Project("{9A19103F-16F7-4668-BE54-9A1E7A4F7556}") = "ToDoList", "ToDoList\ToDoList.csproj", "{D9695EEB-8734-4431-971E-11E88DC9BB1A}"
EndProject
Project("{9A19103F-16F7-4668-BE54-9A1E7A4F7556}") = "ToDoEntities", "ToDoEntities\ToDoEntities.csproj", "{292A2E1A-1CF8-4FA6-9962-A38B4219F3C1}"
EndProject
Project("{9A19103F-16F7-4668-BE54-9A1E7A4F7556}") = "ToDoList.Tests", "ToDoList.Tests\ToDoList.Tests.csproj", "{B7EAF688-6CE6-43FF-9095-0ED196F63B7E}"
EndProject
Global
	GlobalSection(SolutionConfigurationPlatforms) = preSolution
		Debug|Any CPU = Debug|Any CPU
		Release|Any CPU = Release|Any CPU
	EndGlobalSection
	GlobalSection(ProjectConfigurationPlatforms) = postSolution
		{D9695EEB-8734-4431-971E-11E88DC9BB1A}.Debug|Any CPU.ActiveCfg = Debug|Any CPU
		{D9695EEB-8734-4431-971E-11E88DC9BB1A}.Debug|Any CPU.Build.0 = Debug|Any CPU
		{D9695EEB-8734-4431-971E-11E88DC9BB1A}.Release|Any CPU.ActiveCfg = Release|Any CPU
		{D9695EEB-8734-4431-971E-11E88DC9BB1A}.Release|Any CPU.Build.0 = Release|Any CPU
		{292A2E1A-1CF8-4FA6-9962-A38B4219F3C1}.Debug|Any CPU.ActiveCfg = Debug|Any CPU
		{292A2E1A-1CF8-4FA6-9962-A38B4219F3C1}.Debug|Any CPU.Build.0 = Debug|Any CPU
		{292A2E1A-1CF8-4FA6-9962-A38B4219F3C1}.Release|Any CPU.ActiveCfg = Release|Any CPU
		{292A2E1A-1CF8-4FA6-9962-A38B4219F3C1}.Release|Any CPU.Build.0 = Release|Any CPU
		{B7EAF688-6CE6-43FF-9095-0ED196F63B7E}.Debug|Any CPU.ActiveCfg = Debug|Any CPU
		{B7EAF688-6CE6-43FF-9095-0ED196F63B7E}.Debug|Any CPU.Build.0 = Debug|Any CPU
		{B7EAF688-6CE6-43FF-9095-0ED196F63B7E}.Release|Any CPU.ActiveCfg = Release|Any CPU
		{B7EAF688-6CE6-43FF-9095-0ED196F63B7E}.Release|Any CPU.Build.0 = Release|Any CPU
	EndGlobalSection
	GlobalSection(SolutionProperties) = preSolution
		HideSolutionNode = FALSE
	EndGlobalSection
	GlobalSection(ExtensibilityGlobals) = postSolution
		SolutionGuid = {8F3E592B-85B3-4A12-811E-ABD79B0E854B}
	EndGlobalSection
EndGlobal
